
Microsoft Visual Studio Solution File, Format Version 12.00
# Visual Studio Version 17
VisualStudioVersion = 17.7.34031.279
MinimumVisualStudioVersion = 10.0.40219.1
Project("{FAE04EC0-301F-11D3-BF4B-00C04F79EFBC}") = "klient", "klient.csproj", "{09D52367-4AC1-42B9-9A6C-F59DD13A615F}"
EndProject
Global
	GlobalSection(SolutionConfigurationPlatforms) = preSolution
		Debug|Any CPU = Debug|Any CPU
		Release|Any CPU = Release|Any CPU
	EndGlobalSection
	GlobalSection(ProjectConfigurationPlatforms) = postSolution
		{09D52367-4AC1-42B9-9A6C-F59DD13A615F}.Debug|Any CPU.ActiveCfg = Debug|Any CPU
		{09D52367-4AC1-42B9-9A6C-F59DD13A615F}.Debug|Any CPU.Build.0 = Debug|Any CPU
		{09D52367-4AC1-42B9-9A6C-F59DD13A615F}.Release|Any CPU.ActiveCfg = Release|Any CPU
		{09D52367-4AC1-42B9-9A6C-F59DD13A615F}.Release|Any CPU.Build.0 = Release|Any CPU
	EndGlobalSection
	GlobalSection(SolutionProperties) = preSolution
		HideSolutionNode = FALSE
	EndGlobalSection
	GlobalSection(ExtensibilityGlobals) = postSolution
		SolutionGuid = {D741273F-5455-4A93-8DAC-505823B7DE2A}
	EndGlobalSection
EndGlobal
